// !$*UTF8*$!
{
	archiveVersion = 1;
	classes = {
	};
	objectVersion = 46;
	objects = {

/* Begin PBXBuildFile section */
		2BC7DC941C897742006C823A /* main.m in Sources */ = {isa = PBXBuildFile; fileRef = 2BC7DC931C897742006C823A /* main.m */; };
		2BC7DC971C897742006C823A /* AppDelegate.m in Sources */ = {isa = PBXBuildFile; fileRef = 2BC7DC961C897742006C823A /* AppDelegate.m */; };
		2BC7DC9A1C897742006C823A /* ViewController.m in Sources */ = {isa = PBXBuildFile; fileRef = 2BC7DC991C897742006C823A /* ViewController.m */; };
		2BC7DC9D1C897742006C823A /* Main.storyboard in Resources */ = {isa = PBXBuildFile; fileRef = 2BC7DC9B1C897742006C823A /* Main.storyboard */; };
		2BC7DCA01C897742006C823A /* _6_03_04______NSCache__.xcdatamodeld in Sources */ = {isa = PBXBuildFile; fileRef = 2BC7DC9E1C897742006C823A /* _6_03_04______NSCache__.xcdatamodeld */; };
		2BC7DCA21C897742006C823A /* Assets.xcassets in Resources */ = {isa = PBXBuildFile; fileRef = 2BC7DCA11C897742006C823A /* Assets.xcassets */; };
		2BC7DCA51C897742006C823A /* LaunchScreen.storyboard in Resources */ = {isa = PBXBuildFile; fileRef = 2BC7DCA31C897742006C823A /* LaunchScreen.storyboard */; };
		2BC7DCB01C897742006C823A /* _6_03_04______NSCache__Tests.m in Sources */ = {isa = PBXBuildFile; fileRef = 2BC7DCAF1C897742006C823A /* _6_03_04______NSCache__Tests.m */; };
		2BC7DCBB1C897743006C823A /* _6_03_04______NSCache__UITests.m in Sources */ = {isa = PBXBuildFile; fileRef = 2BC7DCBA1C897743006C823A /* _6_03_04______NSCache__UITests.m */; };
/* End PBXBuildFile section */

/* Begin PBXContainerItemProxy section */
		2BC7DCAC1C897742006C823A /* PBXContainerItemProxy */ = {
			isa = PBXContainerItemProxy;
			containerPortal = 2BC7DC871C897742006C823A /* Project object */;
			proxyType = 1;
			remoteGlobalIDString = 2BC7DC8E1C897742006C823A;
			remoteInfo = "16-03-04-(淬火)-NSCache演练";
		};
		2BC7DCB71C897743006C823A /* PBXContainerItemProxy */ = {
			isa = PBXContainerItemProxy;
			containerPortal = 2BC7DC871C897742006C823A /* Project object */;
			proxyType = 1;
			remoteGlobalIDString = 2BC7DC8E1C897742006C823A;
			remoteInfo = "16-03-04-(淬火)-NSCache演练";
		};
/* End PBXContainerItemProxy section */

/* Begin PBXFileReference section */
		2BC7DC8F1C897742006C823A /* 16-03-04-(淬火)-NSCache演练.app */ = {isa = PBXFileReference; explicitFileType = wrapper.application; includeInIndex = 0; path = "16-03-04-(淬火)-NSCache演练.app"; sourceTree = BUILT_PRODUCTS_DIR; };
		2BC7DC931C897742006C823A /* main.m */ = {isa = PBXFileReference; lastKnownFileType = sourcecode.c.objc; path = main.m; sourceTree = "<group>"; };
		2BC7DC951C897742006C823A /* AppDelegate.h */ = {isa = PBXFileReference; lastKnownFileType = sourcecode.c.h; path = AppDelegate.h; sourceTree = "<group>"; };
		2BC7DC961C897742006C823A /* AppDelegate.m */ = {isa = PBXFileReference; lastKnownFileType = sourcecode.c.objc; path = AppDelegate.m; sourceTree = "<group>"; };
		2BC7DC981C897742006C823A /* ViewController.h */ = {isa = PBXFileReference; lastKnownFileType = sourcecode.c.h; path = ViewController.h; sourceTree = "<group>"; };
		2BC7DC991C897742006C823A /* ViewController.m */ = {isa = PBXFileReference; lastKnownFileType = sourcecode.c.objc; path = ViewController.m; sourceTree = "<group>"; };
		2BC7DC9C1C897742006C823A /* Base */ = {isa = PBXFileReference; lastKnownFileType = file.storyboard; name = Base; path = Base.lproj/Main.storyboard; sourceTree = "<group>"; };
		2BC7DC9F1C897742006C823A /* _6_03_04______NSCache__.xcdatamodel */ = {isa = PBXFileReference; lastKnownFileType = wrapper.xcdatamodel; path = "_6_03_04______NSCache__.xcdatamodel"; sourceTree = "<group>"; };
		2BC7DCA11C897742006C823A /* Assets.xcassets */ = {isa = PBXFileReference; lastKnownFileType = folder.assetcatalog; path = Assets.xcassets; sourceTree = "<group>"; };
		2BC7DCA41C897742006C823A /* Base */ = {isa = PBXFileReference; lastKnownFileType = file.storyboard; name = Base; path = Base.lproj/LaunchScreen.storyboard; sourceTree = "<group>"; };
		2BC7DCA61C897742006C823A /* Info.plist */ = {isa = PBXFileReference; lastKnownFileType = text.plist.xml; path = Info.plist; sourceTree = "<group>"; };
		2BC7DCAB1C897742006C823A /* 16-03-04-(淬火)-NSCache演练Tests.xctest */ = {isa = PBXFileReference; explicitFileType = wrapper.cfbundle; includeInIndex = 0; path = "16-03-04-(淬火)-NSCache演练Tests.xctest"; sourceTree = BUILT_PRODUCTS_DIR; };
		2BC7DCAF1C897742006C823A /* _6_03_04______NSCache__Tests.m */ = {isa = PBXFileReference; lastKnownFileType = sourcecode.c.objc; path = "_6_03_04______NSCache__Tests.m"; sourceTree = "<group>"; };
		2BC7DCB11C897742006C823A /* Info.plist */ = {isa = PBXFileReference; lastKnownFileType = text.plist.xml; path = Info.plist; sourceTree = "<group>"; };
		2BC7DCB61C897743006C823A /* 16-03-04-(淬火)-NSCache演练UITests.xctest */ = {isa = PBXFileReference; explicitFileType = wrapper.cfbundle; includeInIndex = 0; path = "16-03-04-(淬火)-NSCache演练UITests.xctest"; sourceTree = BUILT_PRODUCTS_DIR; };
		2BC7DCBA1C897743006C823A /* _6_03_04______NSCache__UITests.m */ = {isa = PBXFileReference; lastKnownFileType = sourcecode.c.objc; path = "_6_03_04______NSCache__UITests.m"; sourceTree = "<group>"; };
		2BC7DCBC1C897743006C823A /* Info.plist */ = {isa = PBXFileReference; lastKnownFileType = text.plist.xml; path = Info.plist; sourceTree = "<group>"; };
/* End PBXFileReference section */

/* Begin PBXFrameworksBuildPhase section */
		2BC7DC8C1C897742006C823A /* Frameworks */ = {
			isa = PBXFrameworksBuildPhase;
			buildActionMask = 2147483647;
			files = (
			);
			runOnlyForDeploymentPostprocessing = 0;
		};
		2BC7DCA81C897742006C823A /* Frameworks */ = {
			isa = PBXFrameworksBuildPhase;
			buildActionMask = 2147483647;
			files = (
			);
			runOnlyForDeploymentPostprocessing = 0;
		};
		2BC7DCB31C897743006C823A /* Frameworks */ = {
			isa = PBXFrameworksBuildPhase;
			buildActionMask = 2147483647;
			files = (
			);
			runOnlyForDeploymentPostprocessing = 0;
		};
/* End PBXFrameworksBuildPhase section */

/* Begin PBXGroup section */
		2BC7DC861C897742006C823A = {
			isa = PBXGroup;
			children = (
				2BC7DC911C897742006C823A /* 16-03-04-(淬火)-NSCache演练 */,
				2BC7DCAE1C897742006C823A /* 16-03-04-(淬火)-NSCache演练Tests */,
				2BC7DCB91C897743006C823A /* 16-03-04-(淬火)-NSCache演练UITests */,
				2BC7DC901C897742006C823A /* Products */,
			);
			sourceTree = "<group>";
		};
		2BC7DC901C897742006C823A /* Products */ = {
			isa = PBXGroup;
			children = (
				2BC7DC8F1C897742006C823A /* 16-03-04-(淬火)-NSCache演练.app */,
				2BC7DCAB1C897742006C823A /* 16-03-04-(淬火)-NSCache演练Tests.xctest */,
				2BC7DCB61C897743006C823A /* 16-03-04-(淬火)-NSCache演练UITests.xctest */,
			);
			name = Products;
			sourceTree = "<group>";
		};
		2BC7DC911C897742006C823A /* 16-03-04-(淬火)-NSCache演练 */ = {
			isa = PBXGroup;
			children = (
				2BC7DC951C897742006C823A /* AppDelegate.h */,
				2BC7DC961C897742006C823A /* AppDelegate.m */,
				2BC7DC981C897742006C823A /* ViewController.h */,
				2BC7DC991C897742006C823A /* ViewController.m */,
				2BC7DC9B1C897742006C823A /* Main.storyboard */,
				2BC7DCA11C897742006C823A /* Assets.xcassets */,
				2BC7DCA31C897742006C823A /* LaunchScreen.storyboard */,
				2BC7DCA61C897742006C823A /* Info.plist */,
				2BC7DC9E1C897742006C823A /* _6_03_04______NSCache__.xcdatamodeld */,
				2BC7DC921C897742006C823A /* Supporting Files */,
			);
			path = "16-03-04-(淬火)-NSCache演练";
			sourceTree = "<group>";
		};
		2BC7DC921C897742006C823A /* Supporting Files */ = {
			isa = PBXGroup;
			children = (
				2BC7DC931C897742006C823A /* main.m */,
			);
			name = "Supporting Files";
			sourceTree = "<group>";
		};
		2BC7DCAE1C897742006C823A /* 16-03-04-(淬火)-NSCache演练Tests */ = {
			isa = PBXGroup;
			children = (
				2BC7DCAF1C897742006C823A /* _6_03_04______NSCache__Tests.m */,
				2BC7DCB11C897742006C823A /* Info.plist */,
			);
			path = "16-03-04-(淬火)-NSCache演练Tests";
			sourceTree = "<group>";
		};
		2BC7DCB91C897743006C823A /* 16-03-04-(淬火)-NSCache演练UITests */ = {
			isa = PBXGroup;
			children = (
				2BC7DCBA1C897743006C823A /* _6_03_04______NSCache__UITests.m */,
				2BC7DCBC1C897743006C823A /* Info.plist */,
			);
			path = "16-03-04-(淬火)-NSCache演练UITests";
			sourceTree = "<group>";
		};
/* End PBXGroup section */

/* Begin PBXNativeTarget section */
		2BC7DC8E1C897742006C823A /* 16-03-04-(淬火)-NSCache演练 */ = {
			isa = PBXNativeTarget;
			buildConfigurationList = 2BC7DCBF1C897743006C823A /* Build configuration list for PBXNativeTarget "16-03-04-(淬火)-NSCache演练" */;
			buildPhases = (
				2BC7DC8B1C897742006C823A /* Sources */,
				2BC7DC8C1C897742006C823A /* Frameworks */,
				2BC7DC8D1C897742006C823A /* Resources */,
			);
			buildRules = (
			);
			dependencies = (
			);
			name = "16-03-04-(淬火)-NSCache演练";
			productName = "16-03-04-(淬火)-NSCache演练";
			productReference = 2BC7DC8F1C897742006C823A /* 16-03-04-(淬火)-NSCache演练.app */;
			productType = "com.apple.product-type.application";
		};
		2BC7DCAA1C897742006C823A /* 16-03-04-(淬火)-NSCache演练Tests */ = {
			isa = PBXNativeTarget;
			buildConfigurationList = 2BC7DCC21C897743006C823A /* Build configuration list for PBXNativeTarget "16-03-04-(淬火)-NSCache演练Tests" */;
			buildPhases = (
				2BC7DCA71C897742006C823A /* Sources */,
				2BC7DCA81C897742006C823A /* Frameworks */,
				2BC7DCA91C897742006C823A /* Resources */,
			);
			buildRules = (
			);
			dependencies = (
				2BC7DCAD1C897742006C823A /* PBXTargetDependency */,
			);
			name = "16-03-04-(淬火)-NSCache演练Tests";
			productName = "16-03-04-(淬火)-NSCache演练Tests";
			productReference = 2BC7DCAB1C897742006C823A /* 16-03-04-(淬火)-NSCache演练Tests.xctest */;
			productType = "com.apple.product-type.bundle.unit-test";
		};
		2BC7DCB51C897743006C823A /* 16-03-04-(淬火)-NSCache演练UITests */ = {
			isa = PBXNativeTarget;
			buildConfigurationList = 2BC7DCC51C897743006C823A /* Build configuration list for PBXNativeTarget "16-03-04-(淬火)-NSCache演练UITests" */;
			buildPhases = (
				2BC7DCB21C897743006C823A /* Sources */,
				2BC7DCB31C897743006C823A /* Frameworks */,
				2BC7DCB41C897743006C823A /* Resources */,
			);
			buildRules = (
			);
			dependencies = (
				2BC7DCB81C897743006C823A /* PBXTargetDependency */,
			);
			name = "16-03-04-(淬火)-NSCache演练UITests";
			productName = "16-03-04-(淬火)-NSCache演练UITests";
			productReference = 2BC7DCB61C897743006C823A /* 16-03-04-(淬火)-NSCache演练UITests.xctest */;
			productType = "com.apple.product-type.bundle.ui-testing";
		};
/* End PBXNativeTarget section */

/* Begin PBXProject section */
		2BC7DC871C897742006C823A /* Project object */ = {
			isa = PBXProject;
			attributes = {
				LastUpgradeCheck = 0720;
				ORGANIZATIONNAME = man;
				TargetAttributes = {
					2BC7DC8E1C897742006C823A = {
						CreatedOnToolsVersion = 7.2.1;
					};
					2BC7DCAA1C897742006C823A = {
						CreatedOnToolsVersion = 7.2.1;
						TestTargetID = 2BC7DC8E1C897742006C823A;
					};
					2BC7DCB51C897743006C823A = {
						CreatedOnToolsVersion = 7.2.1;
						TestTargetID = 2BC7DC8E1C897742006C823A;
					};
				};
			};
			buildConfigurationList = 2BC7DC8A1C897742006C823A /* Build configuration list for PBXProject "16-03-04-(淬火)-NSCache演练" */;
			compatibilityVersion = "Xcode 3.2";
			developmentRegion = English;
			hasScannedForEncodings = 0;
			knownRegions = (
				en,
				Base,
			);
			mainGroup = 2BC7DC861C897742006C823A;
			productRefGroup = 2BC7DC901C897742006C823A /* Products */;
			projectDirPath = "";
			projectRoot = "";
			targets = (
				2BC7DC8E1C897742006C823A /* 16-03-04-(淬火)-NSCache演练 */,
				2BC7DCAA1C897742006C823A /* 16-03-04-(淬火)-NSCache演练Tests */,
				2BC7DCB51C897743006C823A /* 16-03-04-(淬火)-NSCache演练UITests */,
			);
		};
/* End PBXProject section */

/* Begin PBXResourcesBuildPhase section */
		2BC7DC8D1C897742006C823A /* Resources */ = {
			isa = PBXResourcesBuildPhase;
			buildActionMask = 2147483647;
			files = (
				2BC7DCA51C897742006C823A /* LaunchScreen.storyboard in Resources */,
				2BC7DCA21C897742006C823A /* Assets.xcassets in Resources */,
				2BC7DC9D1C897742006C823A /* Main.storyboard in Resources */,
			);
			runOnlyForDeploymentPostprocessing = 0;
		};
		2BC7DCA91C897742006C823A /* Resources */ = {
			isa = PBXResourcesBuildPhase;
			buildActionMask = 2147483647;
			files = (
			);
			runOnlyForDeploymentPostprocessing = 0;
		};
		2BC7DCB41C897743006C823A /* Resources */ = {
			isa = PBXResourcesBuildPhase;
			buildActionMask = 2147483647;
			files = (
			);
			runOnlyForDeploymentPostprocessing = 0;
		};
/* End PBXResourcesBuildPhase section */

/* Begin PBXSourcesBuildPhase section */
		2BC7DC8B1C897742006C823A /* Sources */ = {
			isa = PBXSourcesBuildPhase;
			buildActionMask = 2147483647;
			files = (
				2BC7DC9A1C897742006C823A /* ViewController.m in Sources */,
				2BC7DC971C897742006C823A /* AppDelegate.m in Sources */,
				2BC7DC941C897742006C823A /* main.m in Sources */,
				2BC7DCA01C897742006C823A /* _6_03_04______NSCache__.xcdatamodeld in Sources */,
			);
			runOnlyForDeploymentPostprocessing = 0;
		};
		2BC7DCA71C897742006C823A /* Sources */ = {
			isa = PBXSourcesBuildPhase;
			buildActionMask = 2147483647;
			files = (
				2BC7DCB01C897742006C823A /* _6_03_04______NSCache__Tests.m in Sources */,
			);
			runOnlyForDeploymentPostprocessing = 0;
		};
		2BC7DCB21C897743006C823A /* Sources */ = {
			isa = PBXSourcesBuildPhase;
			buildActionMask = 2147483647;
			files = (
				2BC7DCBB1C897743006C823A /* _6_03_04______NSCache__UITests.m in Sources */,
			);
			runOnlyForDeploymentPostprocessing = 0;
		};
/* End PBXSourcesBuildPhase section */

/* Begin PBXTargetDependency section */
		2BC7DCAD1C897742006C823A /* PBXTargetDependency */ = {
			isa = PBXTargetDependency;
			target = 2BC7DC8E1C897742006C823A /* 16-03-04-(淬火)-NSCache演练 */;
			targetProxy = 2BC7DCAC1C897742006C823A /* PBXContainerItemProxy */;
		};
		2BC7DCB81C897743006C823A /* PBXTargetDependency */ = {
			isa = PBXTargetDependency;
			target = 2BC7DC8E1C897742006C823A /* 16-03-04-(淬火)-NSCache演练 */;
			targetProxy = 2BC7DCB71C897743006C823A /* PBXContainerItemProxy */;
		};
/* End PBXTargetDependency section */

/* Begin PBXVariantGroup section */
		2BC7DC9B1C897742006C823A /* Main.storyboard */ = {
			isa = PBXVariantGroup;
			children = (
				2BC7DC9C1C897742006C823A /* Base */,
			);
			name = Main.storyboard;
			sourceTree = "<group>";
		};
		2BC7DCA31C897742006C823A /* LaunchScreen.storyboard */ = {
			isa = PBXVariantGroup;
			children = (
				2BC7DCA41C897742006C823A /* Base */,
			);
			name = LaunchScreen.storyboard;
			sourceTree = "<group>";
		};
/* End PBXVariantGroup section */

/* Begin XCBuildConfiguration section */
		2BC7DCBD1C897743006C823A /* Debug */ = {
			isa = XCBuildConfiguration;
			buildSettings = {
				ALWAYS_SEARCH_USER_PATHS = NO;
				CLANG_CXX_LANGUAGE_STANDARD = "gnu++0x";
				CLANG_CXX_LIBRARY = "libc++";
				CLANG_ENABLE_MODULES = YES;
				CLANG_ENABLE_OBJC_ARC = YES;
				CLANG_WARN_BOOL_CONVERSION = YES;
				CLANG_WARN_CONSTANT_CONVERSION = YES;
				CLANG_WARN_DIRECT_OBJC_ISA_USAGE = YES_ERROR;
				CLANG_WARN_EMPTY_BODY = YES;
				CLANG_WARN_ENUM_CONVERSION = YES;
				CLANG_WARN_INT_CONVERSION = YES;
				CLANG_WARN_OBJC_ROOT_CLASS = YES_ERROR;
				CLANG_WARN_UNREACHABLE_CODE = YES;
				CLANG_WARN__DUPLICATE_METHOD_MATCH = YES;
				"CODE_SIGN_IDENTITY[sdk=iphoneos*]" = "iPhone Developer";
				COPY_PHASE_STRIP = NO;
				DEBUG_INFORMATION_FORMAT = dwarf;
				ENABLE_STRICT_OBJC_MSGSEND = YES;
				ENABLE_TESTABILITY = YES;
				GCC_C_LANGUAGE_STANDARD = gnu99;
				GCC_DYNAMIC_NO_PIC = NO;
				GCC_NO_COMMON_BLOCKS = YES;
				GCC_OPTIMIZATION_LEVEL = 0;
				GCC_PREPROCESSOR_DEFINITIONS = (
					"DEBUG=1",
					"$(inherited)",
				);
				GCC_WARN_64_TO_32_BIT_CONVERSION = YES;
				GCC_WARN_ABOUT_RETURN_TYPE = YES_ERROR;
				GCC_WARN_UNDECLARED_SELECTOR = YES;
				GCC_WARN_UNINITIALIZED_AUTOS = YES_AGGRESSIVE;
				GCC_WARN_UNUSED_FUNCTION = YES;
				GCC_WARN_UNUSED_VARIABLE = YES;
				IPHONEOS_DEPLOYMENT_TARGET = 9.2;
				MTL_ENABLE_DEBUG_INFO = YES;
				ONLY_ACTIVE_ARCH = YES;
				SDKROOT = iphoneos;
				TARGETED_DEVICE_FAMILY = "1,2";
			};
			name = Debug;
		};
		2BC7DCBE1C897743006C823A /* Release */ = {
			isa = XCBuildConfiguration;
			buildSettings = {
				ALWAYS_SEARCH_USER_PATHS = NO;
				CLANG_CXX_LANGUAGE_STANDARD = "gnu++0x";
				CLANG_CXX_LIBRARY = "libc++";
				CLANG_ENABLE_MODULES = YES;
				CLANG_ENABLE_OBJC_ARC = YES;
				CLANG_WARN_BOOL_CONVERSION = YES;
				CLANG_WARN_CONSTANT_CONVERSION = YES;
				CLANG_WARN_DIRECT_OBJC_ISA_USAGE = YES_ERROR;
				CLANG_WARN_EMPTY_BODY = YES;
				CLANG_WARN_ENUM_CONVERSION = YES;
				CLANG_WARN_INT_CONVERSION = YES;
				CLANG_WARN_OBJC_ROOT_CLASS = YES_ERROR;
				CLANG_WARN_UNREACHABLE_CODE = YES;
				CLANG_WARN__DUPLICATE_METHOD_MATCH = YES;
				"CODE_SIGN_IDENTITY[sdk=iphoneos*]" = "iPhone Developer";
				COPY_PHASE_STRIP = NO;
				DEBUG_INFORMATION_FORMAT = "dwarf-with-dsym";
				ENABLE_NS_ASSERTIONS = NO;
				ENABLE_STRICT_OBJC_MSGSEND = YES;
				GCC_C_LANGUAGE_STANDARD = gnu99;
				GCC_NO_COMMON_BLOCKS = YES;
				GCC_WARN_64_TO_32_BIT_CONVERSION = YES;
				GCC_WARN_ABOUT_RETURN_TYPE = YES_ERROR;
				GCC_WARN_UNDECLARED_SELECTOR = YES;
				GCC_WARN_UNINITIALIZED_AUTOS = YES_AGGRESSIVE;
				GCC_WARN_UNUSED_FUNCTION = YES;
				GCC_WARN_UNUSED_VARIABLE = YES;
				IPHONEOS_DEPLOYMENT_TARGET = 9.2;
				MTL_ENABLE_DEBUG_INFO = NO;
				SDKROOT = iphoneos;
				TARGETED_DEVICE_FAMILY = "1,2";
				VALIDATE_PRODUCT = YES;
			};
			name = Release;
		};
		2BC7DCC01C897743006C823A /* Debug */ = {
			isa = XCBuildConfiguration;
			buildSettings = {
				ASSETCATALOG_COMPILER_APPICON_NAME = AppIcon;
				INFOPLIST_FILE = "16-03-04-(淬火)-NSCache演练/Info.plist";
				LD_RUNPATH_SEARCH_PATHS = "$(inherited) @executable_path/Frameworks";
				PRODUCT_BUNDLE_IDENTIFIER = "com.cdmq.-6-03-04------NSCache--";
				PRODUCT_NAME = "$(TARGET_NAME)";
			};
			name = Debug;
		};
		2BC7DCC11C897743006C823A /* Release */ = {
			isa = XCBuildConfiguration;
			buildSettings = {
				ASSETCATALOG_COMPILER_APPICON_NAME = AppIcon;
				INFOPLIST_FILE = "16-03-04-(淬火)-NSCache演练/Info.plist";
				LD_RUNPATH_SEARCH_PATHS = "$(inherited) @executable_path/Frameworks";
				PRODUCT_BUNDLE_IDENTIFIER = "com.cdmq.-6-03-04------NSCache--";
				PRODUCT_NAME = "$(TARGET_NAME)";
			};
			name = Release;
		};
		2BC7DCC31C897743006C823A /* Debug */ = {
			isa = XCBuildConfiguration;
			buildSettings = {
				BUNDLE_LOADER = "$(TEST_HOST)";
				INFOPLIST_FILE = "16-03-04-(淬火)-NSCache演练Tests/Info.plist";
				LD_RUNPATH_SEARCH_PATHS = "$(inherited) @executable_path/Frameworks @loader_path/Frameworks";
				PRODUCT_BUNDLE_IDENTIFIER = "com.cdmq.-6-03-04------NSCache--Tests";
				PRODUCT_NAME = "$(TARGET_NAME)";
				TEST_HOST = "$(BUILT_PRODUCTS_DIR)/16-03-04-(淬火)-NSCache演练.app/16-03-04-(淬火)-NSCache演练";
			};
			name = Debug;
		};
		2BC7DCC41C897743006C823A /* Release */ = {
			isa = XCBuildConfiguration;
			buildSettings = {
				BUNDLE_LOADER = "$(TEST_HOST)";
				INFOPLIST_FILE = "16-03-04-(淬火)-NSCache演练Tests/Info.plist";
				LD_RUNPATH_SEARCH_PATHS = "$(inherited) @executable_path/Frameworks @loader_path/Frameworks";
				PRODUCT_BUNDLE_IDENTIFIER = "com.cdmq.-6-03-04------NSCache--Tests";
				PRODUCT_NAME = "$(TARGET_NAME)";
				TEST_HOST = "$(BUILT_PRODUCTS_DIR)/16-03-04-(淬火)-NSCache演练.app/16-03-04-(淬火)-NSCache演练";
			};
			name = Release;
		};
		2BC7DCC61C897743006C823A /* Debug */ = {
			isa = XCBuildConfiguration;
			buildSettings = {
				INFOPLIST_FILE = "16-03-04-(淬火)-NSCache演练UITests/Info.plist";
				LD_RUNPATH_SEARCH_PATHS = "$(inherited) @executable_path/Frameworks @loader_path/Frameworks";
				PRODUCT_BUNDLE_IDENTIFIER = "com.cdmq.-6-03-04------NSCache--UITests";
				PRODUCT_NAME = "$(TARGET_NAME)";
				TEST_TARGET_NAME = "16-03-04-(淬火)-NSCache演练";
				USES_XCTRUNNER = YES;
			};
			name = Debug;
		};
		2BC7DCC71C897743006C823A /* Release */ = {
			isa = XCBuildConfiguration;
			buildSettings = {
				INFOPLIST_FILE = "16-03-04-(淬火)-NSCache演练UITests/Info.plist";
				LD_RUNPATH_SEARCH_PATHS = "$(inherited) @executable_path/Frameworks @loader_path/Frameworks";
				PRODUCT_BUNDLE_IDENTIFIER = "com.cdmq.-6-03-04------NSCache--UITests";
				PRODUCT_NAME = "$(TARGET_NAME)";
				TEST_TARGET_NAME = "16-03-04-(淬火)-NSCache演练";
				USES_XCTRUNNER = YES;
			};
			name = Release;
		};
/* End XCBuildConfiguration section */

/* Begin XCConfigurationList section */
		2BC7DC8A1C897742006C823A /* Build configuration list for PBXProject "16-03-04-(淬火)-NSCache演练" */ = {
			isa = XCConfigurationList;
			buildConfigurations = (
				2BC7DCBD1C897743006C823A /* Debug */,
				2BC7DCBE1C897743006C823A /* Release */,
			);
			defaultConfigurationIsVisible = 0;
			defaultConfigurationName = Release;
		};
		2BC7DCBF1C897743006C823A /* Build configuration list for PBXNativeTarget "16-03-04-(淬火)-NSCache演练" */ = {
			isa = XCConfigurationList;
			buildConfigurations = (
				2BC7DCC01C897743006C823A /* Debug */,
				2BC7DCC11C897743006C823A /* Release */,
			);
			defaultConfigurationIsVisible = 0;
		};
		2BC7DCC21C897743006C823A /* Build configuration list for PBXNativeTarget "16-03-04-(淬火)-NSCache演练Tests" */ = {
			isa = XCConfigurationList;
			buildConfigurations = (
				2BC7DCC31C897743006C823A /* Debug */,
				2BC7DCC41C897743006C823A /* Release */,
			);
			defaultConfigurationIsVisible = 0;
		};
		2BC7DCC51C897743006C823A /* Build configuration list for PBXNativeTarget "16-03-04-(淬火)-NSCache演练UITests" */ = {
			isa = XCConfigurationList;
			buildConfigurations = (
				2BC7DCC61C897743006C823A /* Debug */,
				2BC7DCC71C897743006C823A /* Release */,
			);
			defaultConfigurationIsVisible = 0;
		};
/* End XCConfigurationList section */

/* Begin XCVersionGroup section */
		2BC7DC9E1C897742006C823A /* _6_03_04______NSCache__.xcdatamodeld */ = {
			isa = XCVersionGroup;
			children = (
				2BC7DC9F1C897742006C823A /* _6_03_04______NSCache__.xcdatamodel */,
			);
			currentVersion = 2BC7DC9F1C897742006C823A /* _6_03_04______NSCache__.xcdatamodel */;
			path = "_6_03_04______NSCache__.xcdatamodeld";
			sourceTree = "<group>";
			versionGroupType = wrapper.xcdatamodel;
		};
/* End XCVersionGroup section */
	};
	rootObject = 2BC7DC871C897742006C823A /* Project object */;
}
